# Generated by pub
# See https://dart.dev/tools/pub/glossary#lockfile
packages:
  args:
    dependency: "direct main"
    description:
      name: args
      sha256: c372bb384f273f0c2a8aaaa226dad84dc27c8519a691b888725dec59518ad53a
      url: "https://pub.dev"
    source: hosted
    version: "2.4.1"
  flutter_lints:
    dependency: transitive
    description:
      name: flutter_lints
      sha256: aeb0b80a8b3709709c9cc496cdc027c5b3216796bc0af0ce1007eaf24464fd4c
      url: "https://pub.dev"
    source: hosted
    version: "2.0.1"
  lints:
    dependency: "direct dev"
    description:
      name: lints
      sha256: "6b0206b0bf4f04961fc5438198ccb3a885685cd67d4d4a32cc20ad7f8adbe015"
      url: "https://pub.dev"
    source: hosted
    version: "2.1.0"
  pedantic_mono:
    dependency: "direct dev"
    description:
      name: pedantic_mono
      sha256: f06b0d77589c9af90a54867a39761ebad9f867a746a270982cdd6ee370b2ea27
      url: "https://pub.dev"
    source: hosted
    version: "1.22.0"
sdks:
  dart: ">=3.0.0 <4.0.0"
